
Microsoft Visual Studio Solution File, Format Version 12.00
# Visual Studio Version 17
VisualStudioVersion = 17.9.34728.123
MinimumVisualStudioVersion = 10.0.40219.1
Project("{FAE04EC0-301F-11D3-BF4B-00C04F79EFBC}") = "Hasan_Khan_301019813_Lab1_COMP306_NEW", "Hasan_Khan_301019813_Lab1_COMP306_NEW\Hasan_Khan_301019813_Lab1_COMP306_NEW.csproj", "{850969D8-CE45-4B79-A89D-72D3BA7809CA}"
EndProject
Global
	GlobalSection(SolutionConfigurationPlatforms) = preSolution
		Debug|Any CPU = Debug|Any CPU
		Release|Any CPU = Release|Any CPU
	EndGlobalSection
	GlobalSection(ProjectConfigurationPlatforms) = postSolution
		{850969D8-CE45-4B79-A89D-72D3BA7809CA}.Debug|Any CPU.ActiveCfg = Debug|Any CPU
		{850969D8-CE45-4B79-A89D-72D3BA7809CA}.Debug|Any CPU.Build.0 = Debug|Any CPU
		{850969D8-CE45-4B79-A89D-72D3BA7809CA}.Release|Any CPU.ActiveCfg = Release|Any CPU
		{850969D8-CE45-4B79-A89D-72D3BA7809CA}.Release|Any CPU.Build.0 = Release|Any CPU
	EndGlobalSection
	GlobalSection(SolutionProperties) = preSolution
		HideSolutionNode = FALSE
	EndGlobalSection
	GlobalSection(ExtensibilityGlobals) = postSolution
		SolutionGuid = {F7A0244F-B6BE-4C24-A3B7-5D3107A76176}
	EndGlobalSection
EndGlobal
